// !$*UTF8*$!
{
	archiveVersion = 1;
	classes = {
	};
	objectVersion = 56;
	objects = {

/* Begin PBXBuildFile section */
		D69837B92C40EFAF00416FA6 /* ComposableArchitecture in Frameworks */ = {isa = PBXBuildFile; productRef = D69837B82C40EFAF00416FA6 /* ComposableArchitecture */; };
		D6D8AC292A1B8A8D0078858A /* MyTCAExampleApp.swift in Sources */ = {isa = PBXBuildFile; fileRef = D6D8AC282A1B8A8D0078858A /* MyTCAExampleApp.swift */; };
		D6D8AC2B2A1B8A8D0078858A /* ContentView.swift in Sources */ = {isa = PBXBuildFile; fileRef = D6D8AC2A2A1B8A8D0078858A /* ContentView.swift */; };
		D6D8AC2D2A1B8A8E0078858A /* Assets.xcassets in Resources */ = {isa = PBXBuildFile; fileRef = D6D8AC2C2A1B8A8E0078858A /* Assets.xcassets */; };
		D6D8AC302A1B8A8E0078858A /* Preview Assets.xcassets in Resources */ = {isa = PBXBuildFile; fileRef = D6D8AC2F2A1B8A8E0078858A /* Preview Assets.xcassets */; };
		D6D8AC3A2A1B8A8E0078858A /* MyTCAExampleTests.swift in Sources */ = {isa = PBXBuildFile; fileRef = D6D8AC392A1B8A8E0078858A /* MyTCAExampleTests.swift */; };
		D6D8AC442A1B8A8E0078858A /* MyTCAExampleUITests.swift in Sources */ = {isa = PBXBuildFile; fileRef = D6D8AC432A1B8A8E0078858A /* MyTCAExampleUITests.swift */; };
		D6D8AC462A1B8A8E0078858A /* MyTCAExampleUITestsLaunchTests.swift in Sources */ = {isa = PBXBuildFile; fileRef = D6D8AC452A1B8A8E0078858A /* MyTCAExampleUITestsLaunchTests.swift */; };
		D6D8AC562A1B8C810078858A /* Feature.swift in Sources */ = {isa = PBXBuildFile; fileRef = D6D8AC552A1B8C810078858A /* Feature.swift */; };
/* End PBXBuildFile section */

/* Begin PBXContainerItemProxy section */
		D6D8AC362A1B8A8E0078858A /* PBXContainerItemProxy */ = {
			isa = PBXContainerItemProxy;
			containerPortal = D6D8AC1D2A1B8A8C0078858A /* Project object */;
			proxyType = 1;
			remoteGlobalIDString = D6D8AC242A1B8A8D0078858A;
			remoteInfo = MyTCAExample;
		};
		D6D8AC402A1B8A8E0078858A /* PBXContainerItemProxy */ = {
			isa = PBXContainerItemProxy;
			containerPortal = D6D8AC1D2A1B8A8C0078858A /* Project object */;
			proxyType = 1;
			remoteGlobalIDString = D6D8AC242A1B8A8D0078858A;
			remoteInfo = MyTCAExample;
		};
/* End PBXContainerItemProxy section */

/* Begin PBXFileReference section */
		D6D8AC252A1B8A8D0078858A /* MyTCAExample.app */ = {isa = PBXFileReference; explicitFileType = wrapper.application; includeInIndex = 0; path = MyTCAExample.app; sourceTree = BUILT_PRODUCTS_DIR; };
		D6D8AC282A1B8A8D0078858A /* MyTCAExampleApp.swift */ = {isa = PBXFileReference; lastKnownFileType = sourcecode.swift; path = MyTCAExampleApp.swift; sourceTree = "<group>"; };
		D6D8AC2A2A1B8A8D0078858A /* ContentView.swift */ = {isa = PBXFileReference; lastKnownFileType = sourcecode.swift; path = ContentView.swift; sourceTree = "<group>"; };
		D6D8AC2C2A1B8A8E0078858A /* Assets.xcassets */ = {isa = PBXFileReference; lastKnownFileType = folder.assetcatalog; path = Assets.xcassets; sourceTree = "<group>"; };
		D6D8AC2F2A1B8A8E0078858A /* Preview Assets.xcassets */ = {isa = PBXFileReference; lastKnownFileType = folder.assetcatalog; path = "Preview Assets.xcassets"; sourceTree = "<group>"; };
		D6D8AC352A1B8A8E0078858A /* MyTCAExampleTests.xctest */ = {isa = PBXFileReference; explicitFileType = wrapper.cfbundle; includeInIndex = 0; path = MyTCAExampleTests.xctest; sourceTree = BUILT_PRODUCTS_DIR; };
		D6D8AC392A1B8A8E0078858A /* MyTCAExampleTests.swift */ = {isa = PBXFileReference; lastKnownFileType = sourcecode.swift; path = MyTCAExampleTests.swift; sourceTree = "<group>"; };
		D6D8AC3F2A1B8A8E0078858A /* MyTCAExampleUITests.xctest */ = {isa = PBXFileReference; explicitFileType = wrapper.cfbundle; includeInIndex = 0; path = MyTCAExampleUITests.xctest; sourceTree = BUILT_PRODUCTS_DIR; };
		D6D8AC432A1B8A8E0078858A /* MyTCAExampleUITests.swift */ = {isa = PBXFileReference; lastKnownFileType = sourcecode.swift; path = MyTCAExampleUITests.swift; sourceTree = "<group>"; };
		D6D8AC452A1B8A8E0078858A /* MyTCAExampleUITestsLaunchTests.swift */ = {isa = PBXFileReference; lastKnownFileType = sourcecode.swift; path = MyTCAExampleUITestsLaunchTests.swift; sourceTree = "<group>"; };
		D6D8AC552A1B8C810078858A /* Feature.swift */ = {isa = PBXFileReference; lastKnownFileType = sourcecode.swift; path = Feature.swift; sourceTree = "<group>"; };
/* End PBXFileReference section */

/* Begin PBXFrameworksBuildPhase section */
		D6D8AC222A1B8A8D0078858A /* Frameworks */ = {
			isa = PBXFrameworksBuildPhase;
			buildActionMask = 2147483647;
			files = (
				D69837B92C40EFAF00416FA6 /* ComposableArchitecture in Frameworks */,
			);
			runOnlyForDeploymentPostprocessing = 0;
		};
		D6D8AC322A1B8A8E0078858A /* Frameworks */ = {
			isa = PBXFrameworksBuildPhase;
			buildActionMask = 2147483647;
			files = (
			);
			runOnlyForDeploymentPostprocessing = 0;
		};
		D6D8AC3C2A1B8A8E0078858A /* Frameworks */ = {
			isa = PBXFrameworksBuildPhase;
			buildActionMask = 2147483647;
			files = (
			);
			runOnlyForDeploymentPostprocessing = 0;
		};
/* End PBXFrameworksBuildPhase section */

/* Begin PBXGroup section */
		D6D8AC1C2A1B8A8C0078858A = {
			isa = PBXGroup;
			children = (
				D6D8AC272A1B8A8D0078858A /* MyTCAExample */,
				D6D8AC382A1B8A8E0078858A /* MyTCAExampleTests */,
				D6D8AC422A1B8A8E0078858A /* MyTCAExampleUITests */,
				D6D8AC262A1B8A8D0078858A /* Products */,
			);
			sourceTree = "<group>";
		};
		D6D8AC262A1B8A8D0078858A /* Products */ = {
			isa = PBXGroup;
			children = (
				D6D8AC252A1B8A8D0078858A /* MyTCAExample.app */,
				D6D8AC352A1B8A8E0078858A /* MyTCAExampleTests.xctest */,
				D6D8AC3F2A1B8A8E0078858A /* MyTCAExampleUITests.xctest */,
			);
			name = Products;
			sourceTree = "<group>";
		};
		D6D8AC272A1B8A8D0078858A /* MyTCAExample */ = {
			isa = PBXGroup;
			children = (
				D6D8AC282A1B8A8D0078858A /* MyTCAExampleApp.swift */,
				D6D8AC2A2A1B8A8D0078858A /* ContentView.swift */,
				D6D8AC2C2A1B8A8E0078858A /* Assets.xcassets */,
				D6D8AC2E2A1B8A8E0078858A /* Preview Content */,
				D6D8AC552A1B8C810078858A /* Feature.swift */,
			);
			path = MyTCAExample;
			sourceTree = "<group>";
		};
		D6D8AC2E2A1B8A8E0078858A /* Preview Content */ = {
			isa = PBXGroup;
			children = (
				D6D8AC2F2A1B8A8E0078858A /* Preview Assets.xcassets */,
			);
			path = "Preview Content";
			sourceTree = "<group>";
		};
		D6D8AC382A1B8A8E0078858A /* MyTCAExampleTests */ = {
			isa = PBXGroup;
			children = (
				D6D8AC392A1B8A8E0078858A /* MyTCAExampleTests.swift */,
			);
			path = MyTCAExampleTests;
			sourceTree = "<group>";
		};
		D6D8AC422A1B8A8E0078858A /* MyTCAExampleUITests */ = {
			isa = PBXGroup;
			children = (
				D6D8AC432A1B8A8E0078858A /* MyTCAExampleUITests.swift */,
				D6D8AC452A1B8A8E0078858A /* MyTCAExampleUITestsLaunchTests.swift */,
			);
			path = MyTCAExampleUITests;
			sourceTree = "<group>";
		};
/* End PBXGroup section */

/* Begin PBXNativeTarget section */
		D6D8AC242A1B8A8D0078858A /* MyTCAExample */ = {
			isa = PBXNativeTarget;
			buildConfigurationList = D6D8AC492A1B8A8E0078858A /* Build configuration list for PBXNativeTarget "MyTCAExample" */;
			buildPhases = (
				D6D8AC212A1B8A8D0078858A /* Sources */,
				D6D8AC222A1B8A8D0078858A /* Frameworks */,
				D6D8AC232A1B8A8D0078858A /* Resources */,
			);
			buildRules = (
			);
			dependencies = (
			);
			name = MyTCAExample;
			packageProductDependencies = (
				D69837B82C40EFAF00416FA6 /* ComposableArchitecture */,
			);
			productName = MyTCAExample;
			productReference = D6D8AC252A1B8A8D0078858A /* MyTCAExample.app */;
			productType = "com.apple.product-type.application";
		};
		D6D8AC342A1B8A8E0078858A /* MyTCAExampleTests */ = {
			isa = PBXNativeTarget;
			buildConfigurationList = D6D8AC4C2A1B8A8E0078858A /* Build configuration list for PBXNativeTarget "MyTCAExampleTests" */;
			buildPhases = (
				D6D8AC312A1B8A8E0078858A /* Sources */,
				D6D8AC322A1B8A8E0078858A /* Frameworks */,
				D6D8AC332A1B8A8E0078858A /* Resources */,
			);
			buildRules = (
			);
			dependencies = (
				D6D8AC372A1B8A8E0078858A /* PBXTargetDependency */,
			);
			name = MyTCAExampleTests;
			productName = MyTCAExampleTests;
			productReference = D6D8AC352A1B8A8E0078858A /* MyTCAExampleTests.xctest */;
			productType = "com.apple.product-type.bundle.unit-test";
		};
		D6D8AC3E2A1B8A8E0078858A /* MyTCAExampleUITests */ = {
			isa = PBXNativeTarget;
			buildConfigurationList = D6D8AC4F2A1B8A8E0078858A /* Build configuration list for PBXNativeTarget "MyTCAExampleUITests" */;
			buildPhases = (
				D6D8AC3B2A1B8A8E0078858A /* Sources */,
				D6D8AC3C2A1B8A8E0078858A /* Frameworks */,
				D6D8AC3D2A1B8A8E0078858A /* Resources */,
			);
			buildRules = (
			);
			dependencies = (
				D6D8AC412A1B8A8E0078858A /* PBXTargetDependency */,
			);
			name = MyTCAExampleUITests;
			productName = MyTCAExampleUITests;
			productReference = D6D8AC3F2A1B8A8E0078858A /* MyTCAExampleUITests.xctest */;
			productType = "com.apple.product-type.bundle.ui-testing";
		};
/* End PBXNativeTarget section */

/* Begin PBXProject section */
		D6D8AC1D2A1B8A8C0078858A /* Project object */ = {
			isa = PBXProject;
			attributes = {
				BuildIndependentTargetsInParallel = 1;
				LastSwiftUpdateCheck = 1430;
				LastUpgradeCheck = 1430;
				TargetAttributes = {
					D6D8AC242A1B8A8D0078858A = {
						CreatedOnToolsVersion = 14.3;
					};
					D6D8AC342A1B8A8E0078858A = {
						CreatedOnToolsVersion = 14.3;
						TestTargetID = D6D8AC242A1B8A8D0078858A;
					};
					D6D8AC3E2A1B8A8E0078858A = {
						CreatedOnToolsVersion = 14.3;
						TestTargetID = D6D8AC242A1B8A8D0078858A;
					};
				};
			};
			buildConfigurationList = D6D8AC202A1B8A8C0078858A /* Build configuration list for PBXProject "MyTCAExample" */;
			compatibilityVersion = "Xcode 14.0";
			developmentRegion = en;
			hasScannedForEncodings = 0;
			knownRegions = (
				en,
				Base,
			);
			mainGroup = D6D8AC1C2A1B8A8C0078858A;
			packageReferences = (
				D69837B72C40EFAF00416FA6 /* XCRemoteSwiftPackageReference "swift-composable-architecture" */,
			);
			productRefGroup = D6D8AC262A1B8A8D0078858A /* Products */;
			projectDirPath = "";
			projectRoot = "";
			targets = (
				D6D8AC242A1B8A8D0078858A /* MyTCAExample */,
				D6D8AC342A1B8A8E0078858A /* MyTCAExampleTests */,
				D6D8AC3E2A1B8A8E0078858A /* MyTCAExampleUITests */,
			);
		};
/* End PBXProject section */

/* Begin PBXResourcesBuildPhase section */
		D6D8AC232A1B8A8D0078858A /* Resources */ = {
			isa = PBXResourcesBuildPhase;
			buildActionMask = 2147483647;
			files = (
				D6D8AC302A1B8A8E0078858A /* Preview Assets.xcassets in Resources */,
				D6D8AC2D2A1B8A8E0078858A /* Assets.xcassets in Resources */,
			);
			runOnlyForDeploymentPostprocessing = 0;
		};
		D6D8AC332A1B8A8E0078858A /* Resources */ = {
			isa = PBXResourcesBuildPhase;
			buildActionMask = 2147483647;
			files = (
			);
			runOnlyForDeploymentPostprocessing = 0;
		};
		D6D8AC3D2A1B8A8E0078858A /* Resources */ = {
			isa = PBXResourcesBuildPhase;
			buildActionMask = 2147483647;
			files = (
			);
			runOnlyForDeploymentPostprocessing = 0;
		};
/* End PBXResourcesBuildPhase section */

/* Begin PBXSourcesBuildPhase section */
		D6D8AC212A1B8A8D0078858A /* Sources */ = {
			isa = PBXSourcesBuildPhase;
			buildActionMask = 2147483647;
			files = (
				D6D8AC562A1B8C810078858A /* Feature.swift in Sources */,
				D6D8AC2B2A1B8A8D0078858A /* ContentView.swift in Sources */,
				D6D8AC292A1B8A8D0078858A /* MyTCAExampleApp.swift in Sources */,
			);
			runOnlyForDeploymentPostprocessing = 0;
		};
		D6D8AC312A1B8A8E0078858A /* Sources */ = {
			isa = PBXSourcesBuildPhase;
			buildActionMask = 2147483647;
			files = (
				D6D8AC3A2A1B8A8E0078858A /* MyTCAExampleTests.swift in Sources */,
			);
			runOnlyForDeploymentPostprocessing = 0;
		};
		D6D8AC3B2A1B8A8E0078858A /* Sources */ = {
			isa = PBXSourcesBuildPhase;
			buildActionMask = 2147483647;
			files = (
				D6D8AC462A1B8A8E0078858A /* MyTCAExampleUITestsLaunchTests.swift in Sources */,
				D6D8AC442A1B8A8E0078858A /* MyTCAExampleUITests.swift in Sources */,
			);
			runOnlyForDeploymentPostprocessing = 0;
		};
/* End PBXSourcesBuildPhase section */

/* Begin PBXTargetDependency section */
		D6D8AC372A1B8A8E0078858A /* PBXTargetDependency */ = {
			isa = PBXTargetDependency;
			target = D6D8AC242A1B8A8D0078858A /* MyTCAExample */;
			targetProxy = D6D8AC362A1B8A8E0078858A /* PBXContainerItemProxy */;
		};
		D6D8AC412A1B8A8E0078858A /* PBXTargetDependency */ = {
			isa = PBXTargetDependency;
			target = D6D8AC242A1B8A8D0078858A /* MyTCAExample */;
			targetProxy = D6D8AC402A1B8A8E0078858A /* PBXContainerItemProxy */;
		};
/* End PBXTargetDependency section */

/* Begin XCBuildConfiguration section */
		D6D8AC472A1B8A8E0078858A /* Debug */ = {
			isa = XCBuildConfiguration;
			buildSettings = {
				ALWAYS_SEARCH_USER_PATHS = NO;
				CLANG_ANALYZER_NONNULL = YES;
				CLANG_ANALYZER_NUMBER_OBJECT_CONVERSION = YES_AGGRESSIVE;
				CLANG_CXX_LANGUAGE_STANDARD = "gnu++20";
				CLANG_ENABLE_MODULES = YES;
				CLANG_ENABLE_OBJC_ARC = YES;
				CLANG_ENABLE_OBJC_WEAK = YES;
				CLANG_WARN_BLOCK_CAPTURE_AUTORELEASING = YES;
				CLANG_WARN_BOOL_CONVERSION = YES;
				CLANG_WARN_COMMA = YES;
				CLANG_WARN_CONSTANT_CONVERSION = YES;
				CLANG_WARN_DEPRECATED_OBJC_IMPLEMENTATIONS = YES;
				CLANG_WARN_DIRECT_OBJC_ISA_USAGE = YES_ERROR;
				CLANG_WARN_DOCUMENTATION_COMMENTS = YES;
				CLANG_WARN_EMPTY_BODY = YES;
				CLANG_WARN_ENUM_CONVERSION = YES;
				CLANG_WARN_INFINITE_RECURSION = YES;
				CLANG_WARN_INT_CONVERSION = YES;
				CLANG_WARN_NON_LITERAL_NULL_CONVERSION = YES;
				CLANG_WARN_OBJC_IMPLICIT_RETAIN_SELF = YES;
				CLANG_WARN_OBJC_LITERAL_CONVERSION = YES;
				CLANG_WARN_OBJC_ROOT_CLASS = YES_ERROR;
				CLANG_WARN_QUOTED_INCLUDE_IN_FRAMEWORK_HEADER = YES;
				CLANG_WARN_RANGE_LOOP_ANALYSIS = YES;
				CLANG_WARN_STRICT_PROTOTYPES = YES;
				CLANG_WARN_SUSPICIOUS_MOVE = YES;
				CLANG_WARN_UNGUARDED_AVAILABILITY = YES_AGGRESSIVE;
				CLANG_WARN_UNREACHABLE_CODE = YES;
				CLANG_WARN__DUPLICATE_METHOD_MATCH = YES;
				COPY_PHASE_STRIP = NO;
				DEBUG_INFORMATION_FORMAT = dwarf;
				ENABLE_STRICT_OBJC_MSGSEND = YES;
				ENABLE_TESTABILITY = YES;
				GCC_C_LANGUAGE_STANDARD = gnu11;
				GCC_DYNAMIC_NO_PIC = NO;
				GCC_NO_COMMON_BLOCKS = YES;
				GCC_OPTIMIZATION_LEVEL = 0;
				GCC_PREPROCESSOR_DEFINITIONS = (
					"DEBUG=1",
					"$(inherited)",
				);
				GCC_WARN_64_TO_32_BIT_CONVERSION = YES;
				GCC_WARN_ABOUT_RETURN_TYPE = YES_ERROR;
				GCC_WARN_UNDECLARED_SELECTOR = YES;
				GCC_WARN_UNINITIALIZED_AUTOS = YES_AGGRESSIVE;
				GCC_WARN_UNUSED_FUNCTION = YES;
				GCC_WARN_UNUSED_VARIABLE = YES;
				IPHONEOS_DEPLOYMENT_TARGET = 16.4;
				MTL_ENABLE_DEBUG_INFO = INCLUDE_SOURCE;
				MTL_FAST_MATH = YES;
				ONLY_ACTIVE_ARCH = YES;
				SDKROOT = iphoneos;
				SWIFT_ACTIVE_COMPILATION_CONDITIONS = DEBUG;
				SWIFT_OPTIMIZATION_LEVEL = "-Onone";
			};
			name = Debug;
		};
		D6D8AC482A1B8A8E0078858A /* Release */ = {
			isa = XCBuildConfiguration;
			buildSettings = {
				ALWAYS_SEARCH_USER_PATHS = NO;
				CLANG_ANALYZER_NONNULL = YES;
				CLANG_ANALYZER_NUMBER_OBJECT_CONVERSION = YES_AGGRESSIVE;
				CLANG_CXX_LANGUAGE_STANDARD = "gnu++20";
				CLANG_ENABLE_MODULES = YES;
				CLANG_ENABLE_OBJC_ARC = YES;
				CLANG_ENABLE_OBJC_WEAK = YES;
				CLANG_WARN_BLOCK_CAPTURE_AUTORELEASING = YES;
				CLANG_WARN_BOOL_CONVERSION = YES;
				CLANG_WARN_COMMA = YES;
				CLANG_WARN_CONSTANT_CONVERSION = YES;
				CLANG_WARN_DEPRECATED_OBJC_IMPLEMENTATIONS = YES;
				CLANG_WARN_DIRECT_OBJC_ISA_USAGE = YES_ERROR;
				CLANG_WARN_DOCUMENTATION_COMMENTS = YES;
				CLANG_WARN_EMPTY_BODY = YES;
				CLANG_WARN_ENUM_CONVERSION = YES;
				CLANG_WARN_INFINITE_RECURSION = YES;
				CLANG_WARN_INT_CONVERSION = YES;
				CLANG_WARN_NON_LITERAL_NULL_CONVERSION = YES;
				CLANG_WARN_OBJC_IMPLICIT_RETAIN_SELF = YES;
				CLANG_WARN_OBJC_LITERAL_CONVERSION = YES;
				CLANG_WARN_OBJC_ROOT_CLASS = YES_ERROR;
				CLANG_WARN_QUOTED_INCLUDE_IN_FRAMEWORK_HEADER = YES;
				CLANG_WARN_RANGE_LOOP_ANALYSIS = YES;
				CLANG_WARN_STRICT_PROTOTYPES = YES;
				CLANG_WARN_SUSPICIOUS_MOVE = YES;
				CLANG_WARN_UNGUARDED_AVAILABILITY = YES_AGGRESSIVE;
				CLANG_WARN_UNREACHABLE_CODE = YES;
				CLANG_WARN__DUPLICATE_METHOD_MATCH = YES;
				COPY_PHASE_STRIP = NO;
				DEBUG_INFORMATION_FORMAT = "dwarf-with-dsym";
				ENABLE_NS_ASSERTIONS = NO;
				ENABLE_STRICT_OBJC_MSGSEND = YES;
				GCC_C_LANGUAGE_STANDARD = gnu11;
				GCC_NO_COMMON_BLOCKS = YES;
				GCC_WARN_64_TO_32_BIT_CONVERSION = YES;
				GCC_WARN_ABOUT_RETURN_TYPE = YES_ERROR;
				GCC_WARN_UNDECLARED_SELECTOR = YES;
				GCC_WARN_UNINITIALIZED_AUTOS = YES_AGGRESSIVE;
				GCC_WARN_UNUSED_FUNCTION = YES;
				GCC_WARN_UNUSED_VARIABLE = YES;
				IPHONEOS_DEPLOYMENT_TARGET = 16.4;
				MTL_ENABLE_DEBUG_INFO = NO;
				MTL_FAST_MATH = YES;
				SDKROOT = iphoneos;
				SWIFT_COMPILATION_MODE = wholemodule;
				SWIFT_OPTIMIZATION_LEVEL = "-O";
				VALIDATE_PRODUCT = YES;
			};
			name = Release;
		};
		D6D8AC4A2A1B8A8E0078858A /* Debug */ = {
			isa = XCBuildConfiguration;
			buildSettings = {
				ASSETCATALOG_COMPILER_APPICON_NAME = AppIcon;
				ASSETCATALOG_COMPILER_GLOBAL_ACCENT_COLOR_NAME = AccentColor;
				CODE_SIGN_STYLE = Automatic;
				CURRENT_PROJECT_VERSION = 1;
				DEVELOPMENT_ASSET_PATHS = "\"MyTCAExample/Preview Content\"";
				ENABLE_PREVIEWS = YES;
				GENERATE_INFOPLIST_FILE = YES;
				INFOPLIST_KEY_UIApplicationSceneManifest_Generation = YES;
				INFOPLIST_KEY_UIApplicationSupportsIndirectInputEvents = YES;
				INFOPLIST_KEY_UILaunchScreen_Generation = YES;
				INFOPLIST_KEY_UISupportedInterfaceOrientations_iPad = "UIInterfaceOrientationPortrait UIInterfaceOrientationPortraitUpsideDown UIInterfaceOrientationLandscapeLeft UIInterfaceOrientationLandscapeRight";
				INFOPLIST_KEY_UISupportedInterfaceOrientations_iPhone = "UIInterfaceOrientationPortrait UIInterfaceOrientationLandscapeLeft UIInterfaceOrientationLandscapeRight";
				LD_RUNPATH_SEARCH_PATHS = (
					"$(inherited)",
					"@executable_path/Frameworks",
				);
				MARKETING_VERSION = 1.0;
				PRODUCT_BUNDLE_IDENTIFIER = com.swift.MyTCAExample;
				PRODUCT_NAME = "$(TARGET_NAME)";
				SWIFT_EMIT_LOC_STRINGS = YES;
				SWIFT_VERSION = 5.0;
				TARGETED_DEVICE_FAMILY = "1,2";
			};
			name = Debug;
		};
		D6D8AC4B2A1B8A8E0078858A /* Release */ = {
			isa = XCBuildConfiguration;
			buildSettings = {
				ASSETCATALOG_COMPILER_APPICON_NAME = AppIcon;
				ASSETCATALOG_COMPILER_GLOBAL_ACCENT_COLOR_NAME = AccentColor;
				CODE_SIGN_STYLE = Automatic;
				CURRENT_PROJECT_VERSION = 1;
				DEVELOPMENT_ASSET_PATHS = "\"MyTCAExample/Preview Content\"";
				ENABLE_PREVIEWS = YES;
				GENERATE_INFOPLIST_FILE = YES;
				INFOPLIST_KEY_UIApplicationSceneManifest_Generation = YES;
				INFOPLIST_KEY_UIApplicationSupportsIndirectInputEvents = YES;
				INFOPLIST_KEY_UILaunchScreen_Generation = YES;
				INFOPLIST_KEY_UISupportedInterfaceOrientations_iPad = "UIInterfaceOrientationPortrait UIInterfaceOrientationPortraitUpsideDown UIInterfaceOrientationLandscapeLeft UIInterfaceOrientationLandscapeRight";
				INFOPLIST_KEY_UISupportedInterfaceOrientations_iPhone = "UIInterfaceOrientationPortrait UIInterfaceOrientationLandscapeLeft UIInterfaceOrientationLandscapeRight";
				LD_RUNPATH_SEARCH_PATHS = (
					"$(inherited)",
					"@executable_path/Frameworks",
				);
				MARKETING_VERSION = 1.0;
				PRODUCT_BUNDLE_IDENTIFIER = com.swift.MyTCAExample;
				PRODUCT_NAME = "$(TARGET_NAME)";
				SWIFT_EMIT_LOC_STRINGS = YES;
				SWIFT_VERSION = 5.0;
				TARGETED_DEVICE_FAMILY = "1,2";
			};
			name = Release;
		};
		D6D8AC4D2A1B8A8E0078858A /* Debug */ = {
			isa = XCBuildConfiguration;
			buildSettings = {
				ALWAYS_EMBED_SWIFT_STANDARD_LIBRARIES = YES;
				BUNDLE_LOADER = "$(TEST_HOST)";
				CODE_SIGN_STYLE = Automatic;
				CURRENT_PROJECT_VERSION = 1;
				GENERATE_INFOPLIST_FILE = YES;
				IPHONEOS_DEPLOYMENT_TARGET = 16.4;
				MARKETING_VERSION = 1.0;
				PRODUCT_BUNDLE_IDENTIFIER = com.swift.MyTCAExampleTests;
				PRODUCT_NAME = "$(TARGET_NAME)";
				SWIFT_EMIT_LOC_STRINGS = NO;
				SWIFT_VERSION = 5.0;
				TARGETED_DEVICE_FAMILY = "1,2";
				TEST_HOST = "$(BUILT_PRODUCTS_DIR)/MyTCAExample.app/$(BUNDLE_EXECUTABLE_FOLDER_PATH)/MyTCAExample";
			};
			name = Debug;
		};
		D6D8AC4E2A1B8A8E0078858A /* Release */ = {
			isa = XCBuildConfiguration;
			buildSettings = {
				ALWAYS_EMBED_SWIFT_STANDARD_LIBRARIES = YES;
				BUNDLE_LOADER = "$(TEST_HOST)";
				CODE_SIGN_STYLE = Automatic;
				CURRENT_PROJECT_VERSION = 1;
				GENERATE_INFOPLIST_FILE = YES;
				IPHONEOS_DEPLOYMENT_TARGET = 16.4;
				MARKETING_VERSION = 1.0;
				PRODUCT_BUNDLE_IDENTIFIER = com.swift.MyTCAExampleTests;
				PRODUCT_NAME = "$(TARGET_NAME)";
				SWIFT_EMIT_LOC_STRINGS = NO;
				SWIFT_VERSION = 5.0;
				TARGETED_DEVICE_FAMILY = "1,2";
				TEST_HOST = "$(BUILT_PRODUCTS_DIR)/MyTCAExample.app/$(BUNDLE_EXECUTABLE_FOLDER_PATH)/MyTCAExample";
			};
			name = Release;
		};
		D6D8AC502A1B8A8E0078858A /* Debug */ = {
			isa = XCBuildConfiguration;
			buildSettings = {
				ALWAYS_EMBED_SWIFT_STANDARD_LIBRARIES = YES;
				CODE_SIGN_STYLE = Automatic;
				CURRENT_PROJECT_VERSION = 1;
				GENERATE_INFOPLIST_FILE = YES;
				MARKETING_VERSION = 1.0;
				PRODUCT_BUNDLE_IDENTIFIER = com.swift.MyTCAExampleUITests;
				PRODUCT_NAME = "$(TARGET_NAME)";
				SWIFT_EMIT_LOC_STRINGS = NO;
				SWIFT_VERSION = 5.0;
				TARGETED_DEVICE_FAMILY = "1,2";
				TEST_TARGET_NAME = MyTCAExample;
			};
			name = Debug;
		};
		D6D8AC512A1B8A8E0078858A /* Release */ = {
			isa = XCBuildConfiguration;
			buildSettings = {
				ALWAYS_EMBED_SWIFT_STANDARD_LIBRARIES = YES;
				CODE_SIGN_STYLE = Automatic;
				CURRENT_PROJECT_VERSION = 1;
				GENERATE_INFOPLIST_FILE = YES;
				MARKETING_VERSION = 1.0;
				PRODUCT_BUNDLE_IDENTIFIER = com.swift.MyTCAExampleUITests;
				PRODUCT_NAME = "$(TARGET_NAME)";
				SWIFT_EMIT_LOC_STRINGS = NO;
				SWIFT_VERSION = 5.0;
				TARGETED_DEVICE_FAMILY = "1,2";
				TEST_TARGET_NAME = MyTCAExample;
			};
			name = Release;
		};
/* End XCBuildConfiguration section */

/* Begin XCConfigurationList section */
		D6D8AC202A1B8A8C0078858A /* Build configuration list for PBXProject "MyTCAExample" */ = {
			isa = XCConfigurationList;
			buildConfigurations = (
				D6D8AC472A1B8A8E0078858A /* Debug */,
				D6D8AC482A1B8A8E0078858A /* Release */,
			);
			defaultConfigurationIsVisible = 0;
			defaultConfigurationName = Release;
		};
		D6D8AC492A1B8A8E0078858A /* Build configuration list for PBXNativeTarget "MyTCAExample" */ = {
			isa = XCConfigurationList;
			buildConfigurations = (
				D6D8AC4A2A1B8A8E0078858A /* Debug */,
				D6D8AC4B2A1B8A8E0078858A /* Release */,
			);
			defaultConfigurationIsVisible = 0;
			defaultConfigurationName = Release;
		};
		D6D8AC4C2A1B8A8E0078858A /* Build configuration list for PBXNativeTarget "MyTCAExampleTests" */ = {
			isa = XCConfigurationList;
			buildConfigurations = (
				D6D8AC4D2A1B8A8E0078858A /* Debug */,
				D6D8AC4E2A1B8A8E0078858A /* Release */,
			);
			defaultConfigurationIsVisible = 0;
			defaultConfigurationName = Release;
		};
		D6D8AC4F2A1B8A8E0078858A /* Build configuration list for PBXNativeTarget "MyTCAExampleUITests" */ = {
			isa = XCConfigurationList;
			buildConfigurations = (
				D6D8AC502A1B8A8E0078858A /* Debug */,
				D6D8AC512A1B8A8E0078858A /* Release */,
			);
			defaultConfigurationIsVisible = 0;
			defaultConfigurationName = Release;
		};
/* End XCConfigurationList section */

/* Begin XCRemoteSwiftPackageReference section */
		D69837B72C40EFAF00416FA6 /* XCRemoteSwiftPackageReference "swift-composable-architecture" */ = {
			isa = XCRemoteSwiftPackageReference;
			repositoryURL = "https://github.com/pointfreeco/swift-composable-architecture.git";
			requirement = {
				kind = upToNextMajorVersion;
				minimumVersion = 1.11.2;
			};
		};
/* End XCRemoteSwiftPackageReference section */

/* Begin XCSwiftPackageProductDependency section */
		D69837B82C40EFAF00416FA6 /* ComposableArchitecture */ = {
			isa = XCSwiftPackageProductDependency;
			package = D69837B72C40EFAF00416FA6 /* XCRemoteSwiftPackageReference "swift-composable-architecture" */;
			productName = ComposableArchitecture;
		};
/* End XCSwiftPackageProductDependency section */
	};
	rootObject = D6D8AC1D2A1B8A8C0078858A /* Project object */;
}
